
Microsoft Visual Studio Solution File, Format Version 12.00
# Visual Studio Version 16
VisualStudioVersion = 16.0.29728.190
MinimumVisualStudioVersion = 10.0.40219.1
Project("{FAE04EC0-301F-11D3-BF4B-00C04F79EFBC}") = "first_app", "first_app.csproj", "{5133D0D3-2B8B-482B-8DF0-002654757B9C}"
EndProject
Global
	GlobalSection(SolutionConfigurationPlatforms) = preSolution
		Debug|Any CPU = Debug|Any CPU
		Release|Any CPU = Release|Any CPU
	EndGlobalSection
	GlobalSection(ProjectConfigurationPlatforms) = postSolution
		{5133D0D3-2B8B-482B-8DF0-002654757B9C}.Debug|Any CPU.ActiveCfg = Debug|Any CPU
		{5133D0D3-2B8B-482B-8DF0-002654757B9C}.Debug|Any CPU.Build.0 = Debug|Any CPU
		{5133D0D3-2B8B-482B-8DF0-002654757B9C}.Release|Any CPU.ActiveCfg = Release|Any CPU
		{5133D0D3-2B8B-482B-8DF0-002654757B9C}.Release|Any CPU.Build.0 = Release|Any CPU
	EndGlobalSection
	GlobalSection(SolutionProperties) = preSolution
		HideSolutionNode = FALSE
	EndGlobalSection
	GlobalSection(ExtensibilityGlobals) = postSolution
		SolutionGuid = {0B55A5E5-B982-4BC2-8DB7-AF0904926976}
	EndGlobalSection
EndGlobal
